
Microsoft Visual Studio Solution File, Format Version 12.00
# Visual Studio Version 17
VisualStudioVersion = 17.1.32328.378
MinimumVisualStudioVersion = 10.0.40219.1
Project("{FAE04EC0-301F-11D3-BF4B-00C04F79EFBC}") = "UsersAndCars.Entities", "UsersAndCars.Entities\UsersAndCars.Entities.csproj", "{B71C4217-3D34-4EDA-9770-F867AAE52C76}"
EndProject
Global
	GlobalSection(SolutionConfigurationPlatforms) = preSolution
		Debug|Any CPU = Debug|Any CPU
		Release|Any CPU = Release|Any CPU
	EndGlobalSection
	GlobalSection(ProjectConfigurationPlatforms) = postSolution
		{B71C4217-3D34-4EDA-9770-F867AAE52C76}.Debug|Any CPU.ActiveCfg = Debug|Any CPU
		{B71C4217-3D34-4EDA-9770-F867AAE52C76}.Debug|Any CPU.Build.0 = Debug|Any CPU
		{B71C4217-3D34-4EDA-9770-F867AAE52C76}.Release|Any CPU.ActiveCfg = Release|Any CPU
		{B71C4217-3D34-4EDA-9770-F867AAE52C76}.Release|Any CPU.Build.0 = Release|Any CPU
	EndGlobalSection
	GlobalSection(SolutionProperties) = preSolution
		HideSolutionNode = FALSE
	EndGlobalSection
	GlobalSection(ExtensibilityGlobals) = postSolution
		SolutionGuid = {F28CA248-6165-4B82-BC65-DDD225308A8B}
	EndGlobalSection
EndGlobal
